
Microsoft Visual Studio Solution File, Format Version 12.00
# Visual Studio Version 16
VisualStudioVersion = 16.0.31205.134
MinimumVisualStudioVersion = 10.0.40219.1
Project("{FAE04EC0-301F-11D3-BF4B-00C04F79EFBC}") = "WebCore", "WebCore\WebCore.csproj", "{5FD2076D-017B-4B07-83F1-81977F29038B}"
EndProject
Project("{2150E333-8FDC-42A3-9474-1A3956D46DE8}") = "Solution Items", "Solution Items", "{AF023E3D-E9C5-4538-AF89-CC5BE1A67E64}"
	ProjectSection(SolutionItems) = preProject
		README.md = README.md
	EndProjectSection
EndProject
Global
	GlobalSection(SolutionConfigurationPlatforms) = preSolution
		Debug|Any CPU = Debug|Any CPU
		Release|Any CPU = Release|Any CPU
	EndGlobalSection
	GlobalSection(ProjectConfigurationPlatforms) = postSolution
		{5FD2076D-017B-4B07-83F1-81977F29038B}.Debug|Any CPU.ActiveCfg = Debug|Any CPU
		{5FD2076D-017B-4B07-83F1-81977F29038B}.Debug|Any CPU.Build.0 = Debug|Any CPU
		{5FD2076D-017B-4B07-83F1-81977F29038B}.Release|Any CPU.ActiveCfg = Release|Any CPU
		{5FD2076D-017B-4B07-83F1-81977F29038B}.Release|Any CPU.Build.0 = Release|Any CPU
	EndGlobalSection
	GlobalSection(SolutionProperties) = preSolution
		HideSolutionNode = FALSE
	EndGlobalSection
	GlobalSection(ExtensibilityGlobals) = postSolution
		SolutionGuid = {A27791B0-EA50-43C6-A5F3-9E9EAA90C330}
	EndGlobalSection
EndGlobal
